<Solution>
  <Folder Name="/Solution Items/">
    <File Path=".gitignore" />
    <File Path="Directory.Build.props" />
    <File Path="icon.png" />
    <File Path="nuget.config" />
    <File Path="README.md" />
  </Folder>
  <Project Path="Frank.WorkflowEngine.SampleApp/Frank.WorkflowEngine.SampleApp.csproj" />
  <Project Path="Frank.WorkflowEngine.Tests/Frank.WorkflowEngine.Tests.csproj" />
  <Project Path="Frank.WorkflowEngine/Frank.WorkflowEngine.csproj" />
</Solution>
